
Microsoft Visual Studio Solution File, Format Version 12.00
# Visual Studio Version 17
VisualStudioVersion = 17.4.33122.133
MinimumVisualStudioVersion = 10.0.40219.1
Project("{9A19103F-16F7-4668-BE54-9A1E7A4F7556}") = "ChapeauDAL", "ChapeauDAL\ChapeauDAL.csproj", "{B3E897C7-D64A-4A4C-9011-8CA7F885BA65}"
EndProject
Project("{FAE04EC0-301F-11D3-BF4B-00C04F79EFBC}") = "ChapeauModel", "ChapeauModel\ChapeauModel.csproj", "{9D89C362-D8B3-4E46-833A-A2D4AF1DB646}"
EndProject
Project("{FAE04EC0-301F-11D3-BF4B-00C04F79EFBC}") = "ChapeauService", "ChapeauService\ChapeauService.csproj", "{D48A43C1-21E5-4DB1-9435-73C9EA93DF18}"
EndProject
Project("{FAE04EC0-301F-11D3-BF4B-00C04F79EFBC}") = "ChapeauUI", "ChapeauUI\ChapeauUI.csproj", "{EB9CA9DB-D923-466A-98FE-4E2129FD8687}"
EndProject
Global
	GlobalSection(SolutionConfigurationPlatforms) = preSolution
		Debug|Any CPU = Debug|Any CPU
		Release|Any CPU = Release|Any CPU
	EndGlobalSection
	GlobalSection(ProjectConfigurationPlatforms) = postSolution
		{B3E897C7-D64A-4A4C-9011-8CA7F885BA65}.Debug|Any CPU.ActiveCfg = Debug|Any CPU
		{B3E897C7-D64A-4A4C-9011-8CA7F885BA65}.Debug|Any CPU.Build.0 = Debug|Any CPU
		{B3E897C7-D64A-4A4C-9011-8CA7F885BA65}.Release|Any CPU.ActiveCfg = Release|Any CPU
		{B3E897C7-D64A-4A4C-9011-8CA7F885BA65}.Release|Any CPU.Build.0 = Release|Any CPU
		{9D89C362-D8B3-4E46-833A-A2D4AF1DB646}.Debug|Any CPU.ActiveCfg = Debug|Any CPU
		{9D89C362-D8B3-4E46-833A-A2D4AF1DB646}.Debug|Any CPU.Build.0 = Debug|Any CPU
		{9D89C362-D8B3-4E46-833A-A2D4AF1DB646}.Release|Any CPU.ActiveCfg = Release|Any CPU
		{9D89C362-D8B3-4E46-833A-A2D4AF1DB646}.Release|Any CPU.Build.0 = Release|Any CPU
		{D48A43C1-21E5-4DB1-9435-73C9EA93DF18}.Debug|Any CPU.ActiveCfg = Debug|Any CPU
		{D48A43C1-21E5-4DB1-9435-73C9EA93DF18}.Debug|Any CPU.Build.0 = Debug|Any CPU
		{D48A43C1-21E5-4DB1-9435-73C9EA93DF18}.Release|Any CPU.ActiveCfg = Release|Any CPU
		{D48A43C1-21E5-4DB1-9435-73C9EA93DF18}.Release|Any CPU.Build.0 = Release|Any CPU
		{EB9CA9DB-D923-466A-98FE-4E2129FD8687}.Debug|Any CPU.ActiveCfg = Debug|Any CPU
		{EB9CA9DB-D923-466A-98FE-4E2129FD8687}.Debug|Any CPU.Build.0 = Debug|Any CPU
		{EB9CA9DB-D923-466A-98FE-4E2129FD8687}.Release|Any CPU.ActiveCfg = Release|Any CPU
		{EB9CA9DB-D923-466A-98FE-4E2129FD8687}.Release|Any CPU.Build.0 = Release|Any CPU
	EndGlobalSection
	GlobalSection(SolutionProperties) = preSolution
		HideSolutionNode = FALSE
	EndGlobalSection
	GlobalSection(ExtensibilityGlobals) = postSolution
		SolutionGuid = {D692BA3A-EB6C-4992-87E1-4069BFAB4B3C}
	EndGlobalSection
EndGlobal
